
Microsoft Visual Studio Solution File, Format Version 12.00
# Visual Studio Version 16
VisualStudioVersion = 16.0.30413.136
MinimumVisualStudioVersion = 10.0.40219.1
Project("{2150E333-8FDC-42A3-9474-1A3956D46DE8}") = "src", "src", "{44874999-9010-4F7F-A0E8-B1A390E36C72}"
EndProject
Project("{2150E333-8FDC-42A3-9474-1A3956D46DE8}") = "test", "test", "{578927A2-95F6-4D72-B5EF-076A40DAF25B}"
EndProject
Project("{2150E333-8FDC-42A3-9474-1A3956D46DE8}") = "backend", "backend", "{57FBDA05-8274-4448-88F9-8ED12A237F80}"
EndProject
Project("{2150E333-8FDC-42A3-9474-1A3956D46DE8}") = "frontend", "frontend", "{B73706EC-C846-43C8-906B-CB67E885FC33}"
EndProject
Project("{9A19103F-16F7-4668-BE54-9A1E7A4F7556}") = "HomeCloud.Maps.Server", "src\backend\HomeCloud.Maps.Server\HomeCloud.Maps.Server.csproj", "{7A492078-F503-45C5-A4B9-784E47CFE3B0}"
EndProject
Project("{9A19103F-16F7-4668-BE54-9A1E7A4F7556}") = "HomeCloud.Maps.Shared", "src\backend\HomeCloud.Maps.Shared\HomeCloud.Maps.Shared.csproj", "{E701998E-7E2B-449A-A6BF-3DFF771FC1FD}"
EndProject
Project("{9A19103F-16F7-4668-BE54-9A1E7A4F7556}") = "HomeCloud.Maps.Client", "src\frontend\HomeCloud.Maps.Client\HomeCloud.Maps.Client.csproj", "{3F74E434-967D-45D8-B178-DE9B69C860ED}"
EndProject
Project("{2150E333-8FDC-42A3-9474-1A3956D46DE8}") = "frontend", "frontend", "{4AA0F4EA-82AE-4D55-AB27-C02F74342AE5}"
EndProject
Project("{FAE04EC0-301F-11D3-BF4B-00C04F79EFBC}") = "HomeCloud.Maps.Client.UnitTests", "test\frontend\HomeCloud.Maps.Client.UnitTests\HomeCloud.Maps.Client.UnitTests.csproj", "{B7D479F7-A777-4960-85DB-3690746D0203}"
EndProject
Global
	GlobalSection(SolutionConfigurationPlatforms) = preSolution
		Debug|Any CPU = Debug|Any CPU
		Release|Any CPU = Release|Any CPU
	EndGlobalSection
	GlobalSection(ProjectConfigurationPlatforms) = postSolution
		{7A492078-F503-45C5-A4B9-784E47CFE3B0}.Debug|Any CPU.ActiveCfg = Debug|Any CPU
		{7A492078-F503-45C5-A4B9-784E47CFE3B0}.Debug|Any CPU.Build.0 = Debug|Any CPU
		{7A492078-F503-45C5-A4B9-784E47CFE3B0}.Release|Any CPU.ActiveCfg = Release|Any CPU
		{7A492078-F503-45C5-A4B9-784E47CFE3B0}.Release|Any CPU.Build.0 = Release|Any CPU
		{E701998E-7E2B-449A-A6BF-3DFF771FC1FD}.Debug|Any CPU.ActiveCfg = Debug|Any CPU
		{E701998E-7E2B-449A-A6BF-3DFF771FC1FD}.Debug|Any CPU.Build.0 = Debug|Any CPU
		{E701998E-7E2B-449A-A6BF-3DFF771FC1FD}.Release|Any CPU.ActiveCfg = Release|Any CPU
		{E701998E-7E2B-449A-A6BF-3DFF771FC1FD}.Release|Any CPU.Build.0 = Release|Any CPU
		{3F74E434-967D-45D8-B178-DE9B69C860ED}.Debug|Any CPU.ActiveCfg = Debug|Any CPU
		{3F74E434-967D-45D8-B178-DE9B69C860ED}.Debug|Any CPU.Build.0 = Debug|Any CPU
		{3F74E434-967D-45D8-B178-DE9B69C860ED}.Release|Any CPU.ActiveCfg = Release|Any CPU
		{3F74E434-967D-45D8-B178-DE9B69C860ED}.Release|Any CPU.Build.0 = Release|Any CPU
		{B7D479F7-A777-4960-85DB-3690746D0203}.Debug|Any CPU.ActiveCfg = Debug|Any CPU
		{B7D479F7-A777-4960-85DB-3690746D0203}.Debug|Any CPU.Build.0 = Debug|Any CPU
		{B7D479F7-A777-4960-85DB-3690746D0203}.Release|Any CPU.ActiveCfg = Release|Any CPU
		{B7D479F7-A777-4960-85DB-3690746D0203}.Release|Any CPU.Build.0 = Release|Any CPU
	EndGlobalSection
	GlobalSection(SolutionProperties) = preSolution
		HideSolutionNode = FALSE
	EndGlobalSection
	GlobalSection(NestedProjects) = preSolution
		{57FBDA05-8274-4448-88F9-8ED12A237F80} = {44874999-9010-4F7F-A0E8-B1A390E36C72}
		{B73706EC-C846-43C8-906B-CB67E885FC33} = {44874999-9010-4F7F-A0E8-B1A390E36C72}
		{7A492078-F503-45C5-A4B9-784E47CFE3B0} = {57FBDA05-8274-4448-88F9-8ED12A237F80}
		{E701998E-7E2B-449A-A6BF-3DFF771FC1FD} = {57FBDA05-8274-4448-88F9-8ED12A237F80}
		{3F74E434-967D-45D8-B178-DE9B69C860ED} = {B73706EC-C846-43C8-906B-CB67E885FC33}
		{4AA0F4EA-82AE-4D55-AB27-C02F74342AE5} = {578927A2-95F6-4D72-B5EF-076A40DAF25B}
		{B7D479F7-A777-4960-85DB-3690746D0203} = {4AA0F4EA-82AE-4D55-AB27-C02F74342AE5}
	EndGlobalSection
	GlobalSection(ExtensibilityGlobals) = postSolution
		SolutionGuid = {512CEDFD-DA45-429C-AD13-10A0ACE60ACB}
	EndGlobalSection
EndGlobal
