
Microsoft Visual Studio Solution File, Format Version 12.00
# Visual Studio Version 16
VisualStudioVersion = 16.0.30413.136
MinimumVisualStudioVersion = 10.0.40219.1
Project("{2150E333-8FDC-42A3-9474-1A3956D46DE8}") = "WebApi", "WebApi", "{E1B5B3DE-468A-42E7-9E4D-01E5E4C28F65}"
EndProject
Project("{2150E333-8FDC-42A3-9474-1A3956D46DE8}") = "HomeCloud.Map", "HomeCloud.Map", "{E97F1ED8-5600-4DE6-B33A-CADB6F3D16FF}"
EndProject
Project("{9A19103F-16F7-4668-BE54-9A1E7A4F7556}") = "HomeCloud.Gateway", "HomeCloud.Gateway\HomeCloud.Gateway.csproj", "{FBB1BAA0-0D7E-4001-B11A-EF437FCBA2C3}"
EndProject
Project("{9A19103F-16F7-4668-BE54-9A1E7A4F7556}") = "HomeCloud.Map.Shared", "HomeCloud.Map\HomeCloud.Map.Shared\HomeCloud.Map.Shared.csproj", "{D1209BD9-23F8-4E6F-85C8-C4860E15E393}"
EndProject
Project("{9A19103F-16F7-4668-BE54-9A1E7A4F7556}") = "HomeCloud.Map.WebAPI", "HomeCloud.Map\HomeCloud.Map.WebAPI\HomeCloud.Map.Presentation\HomeCloud.Map.WebAPI.csproj", "{7338027B-4D11-439F-816E-3F2325BA6CFC}"
EndProject
Project("{9A19103F-16F7-4668-BE54-9A1E7A4F7556}") = "HomeCloud.Map.Infrastructure", "HomeCloud.Map\HomeCloud.Map.WebAPI\HomeCloud.Map.Infrastructure\HomeCloud.Map.Infrastructure.csproj", "{F36F5723-B82F-461D-B9DD-3AA8B4206B02}"
EndProject
Project("{9A19103F-16F7-4668-BE54-9A1E7A4F7556}") = "HomeCloud.Map.Domain", "HomeCloud.Map\HomeCloud.Map.WebAPI\HomeCloud.Map.Domain\HomeCloud.Map.Domain.csproj", "{2C1795F4-99E3-4676-8F37-8A157438FBD8}"
EndProject
Project("{9A19103F-16F7-4668-BE54-9A1E7A4F7556}") = "HomeCloud.Map.Application", "HomeCloud.Map\HomeCloud.Map.WebAPI\HomeCloud.Map.Application\HomeCloud.Map.Application.csproj", "{B830566C-0F8B-450F-AD65-9000CC6F1952}"
EndProject
Project("{2150E333-8FDC-42A3-9474-1A3956D46DE8}") = "HomeCloud.Home", "HomeCloud.Home", "{B79F57B5-1E31-46A6-873A-DB634CBC5F9F}"
EndProject
Project("{9A19103F-16F7-4668-BE54-9A1E7A4F7556}") = "HomeCloud.Home.Client", "HomeCloud.Home\HomeCloud.Home.Client\HomeCloud.Home.Client.csproj", "{E4A40E69-E154-4084-A91B-CDB10673906C}"
EndProject
Project("{9A19103F-16F7-4668-BE54-9A1E7A4F7556}") = "HomeCloud.Client.Common", "HomeCloud.Client.Common\HomeCloud.Client.Common.csproj", "{E6321ED4-3A41-4E68-B842-4E718B7BDCA7}"
EndProject
Project("{FAE04EC0-301F-11D3-BF4B-00C04F79EFBC}") = "HomeCloud.Map.Client", "HomeCloud.Map\HomeCloud.Map.Client\HomeCloud.Map.Client.csproj", "{4E57A67B-220D-4983-9D70-796D32253BC4}"
EndProject
Global
	GlobalSection(SolutionConfigurationPlatforms) = preSolution
		Debug|Any CPU = Debug|Any CPU
		Release|Any CPU = Release|Any CPU
	EndGlobalSection
	GlobalSection(ProjectConfigurationPlatforms) = postSolution
		{FBB1BAA0-0D7E-4001-B11A-EF437FCBA2C3}.Debug|Any CPU.ActiveCfg = Debug|Any CPU
		{FBB1BAA0-0D7E-4001-B11A-EF437FCBA2C3}.Debug|Any CPU.Build.0 = Debug|Any CPU
		{FBB1BAA0-0D7E-4001-B11A-EF437FCBA2C3}.Release|Any CPU.ActiveCfg = Release|Any CPU
		{FBB1BAA0-0D7E-4001-B11A-EF437FCBA2C3}.Release|Any CPU.Build.0 = Release|Any CPU
		{D1209BD9-23F8-4E6F-85C8-C4860E15E393}.Debug|Any CPU.ActiveCfg = Debug|Any CPU
		{D1209BD9-23F8-4E6F-85C8-C4860E15E393}.Debug|Any CPU.Build.0 = Debug|Any CPU
		{D1209BD9-23F8-4E6F-85C8-C4860E15E393}.Release|Any CPU.ActiveCfg = Release|Any CPU
		{D1209BD9-23F8-4E6F-85C8-C4860E15E393}.Release|Any CPU.Build.0 = Release|Any CPU
		{7338027B-4D11-439F-816E-3F2325BA6CFC}.Debug|Any CPU.ActiveCfg = Debug|Any CPU
		{7338027B-4D11-439F-816E-3F2325BA6CFC}.Debug|Any CPU.Build.0 = Debug|Any CPU
		{7338027B-4D11-439F-816E-3F2325BA6CFC}.Release|Any CPU.ActiveCfg = Release|Any CPU
		{7338027B-4D11-439F-816E-3F2325BA6CFC}.Release|Any CPU.Build.0 = Release|Any CPU
		{F36F5723-B82F-461D-B9DD-3AA8B4206B02}.Debug|Any CPU.ActiveCfg = Debug|Any CPU
		{F36F5723-B82F-461D-B9DD-3AA8B4206B02}.Debug|Any CPU.Build.0 = Debug|Any CPU
		{F36F5723-B82F-461D-B9DD-3AA8B4206B02}.Release|Any CPU.ActiveCfg = Release|Any CPU
		{F36F5723-B82F-461D-B9DD-3AA8B4206B02}.Release|Any CPU.Build.0 = Release|Any CPU
		{2C1795F4-99E3-4676-8F37-8A157438FBD8}.Debug|Any CPU.ActiveCfg = Debug|Any CPU
		{2C1795F4-99E3-4676-8F37-8A157438FBD8}.Debug|Any CPU.Build.0 = Debug|Any CPU
		{2C1795F4-99E3-4676-8F37-8A157438FBD8}.Release|Any CPU.ActiveCfg = Release|Any CPU
		{2C1795F4-99E3-4676-8F37-8A157438FBD8}.Release|Any CPU.Build.0 = Release|Any CPU
		{B830566C-0F8B-450F-AD65-9000CC6F1952}.Debug|Any CPU.ActiveCfg = Debug|Any CPU
		{B830566C-0F8B-450F-AD65-9000CC6F1952}.Debug|Any CPU.Build.0 = Debug|Any CPU
		{B830566C-0F8B-450F-AD65-9000CC6F1952}.Release|Any CPU.ActiveCfg = Release|Any CPU
		{B830566C-0F8B-450F-AD65-9000CC6F1952}.Release|Any CPU.Build.0 = Release|Any CPU
		{E4A40E69-E154-4084-A91B-CDB10673906C}.Debug|Any CPU.ActiveCfg = Debug|Any CPU
		{E4A40E69-E154-4084-A91B-CDB10673906C}.Debug|Any CPU.Build.0 = Debug|Any CPU
		{E4A40E69-E154-4084-A91B-CDB10673906C}.Release|Any CPU.ActiveCfg = Release|Any CPU
		{E4A40E69-E154-4084-A91B-CDB10673906C}.Release|Any CPU.Build.0 = Release|Any CPU
		{E6321ED4-3A41-4E68-B842-4E718B7BDCA7}.Debug|Any CPU.ActiveCfg = Debug|Any CPU
		{E6321ED4-3A41-4E68-B842-4E718B7BDCA7}.Debug|Any CPU.Build.0 = Debug|Any CPU
		{E6321ED4-3A41-4E68-B842-4E718B7BDCA7}.Release|Any CPU.ActiveCfg = Release|Any CPU
		{E6321ED4-3A41-4E68-B842-4E718B7BDCA7}.Release|Any CPU.Build.0 = Release|Any CPU
		{4E57A67B-220D-4983-9D70-796D32253BC4}.Debug|Any CPU.ActiveCfg = Debug|Any CPU
		{4E57A67B-220D-4983-9D70-796D32253BC4}.Debug|Any CPU.Build.0 = Debug|Any CPU
		{4E57A67B-220D-4983-9D70-796D32253BC4}.Release|Any CPU.ActiveCfg = Release|Any CPU
		{4E57A67B-220D-4983-9D70-796D32253BC4}.Release|Any CPU.Build.0 = Release|Any CPU
	EndGlobalSection
	GlobalSection(SolutionProperties) = preSolution
		HideSolutionNode = FALSE
	EndGlobalSection
	GlobalSection(NestedProjects) = preSolution
		{E1B5B3DE-468A-42E7-9E4D-01E5E4C28F65} = {E97F1ED8-5600-4DE6-B33A-CADB6F3D16FF}
		{D1209BD9-23F8-4E6F-85C8-C4860E15E393} = {E97F1ED8-5600-4DE6-B33A-CADB6F3D16FF}
		{7338027B-4D11-439F-816E-3F2325BA6CFC} = {E1B5B3DE-468A-42E7-9E4D-01E5E4C28F65}
		{F36F5723-B82F-461D-B9DD-3AA8B4206B02} = {E1B5B3DE-468A-42E7-9E4D-01E5E4C28F65}
		{2C1795F4-99E3-4676-8F37-8A157438FBD8} = {E1B5B3DE-468A-42E7-9E4D-01E5E4C28F65}
		{B830566C-0F8B-450F-AD65-9000CC6F1952} = {E1B5B3DE-468A-42E7-9E4D-01E5E4C28F65}
		{E4A40E69-E154-4084-A91B-CDB10673906C} = {B79F57B5-1E31-46A6-873A-DB634CBC5F9F}
		{4E57A67B-220D-4983-9D70-796D32253BC4} = {E97F1ED8-5600-4DE6-B33A-CADB6F3D16FF}
	EndGlobalSection
	GlobalSection(ExtensibilityGlobals) = postSolution
		SolutionGuid = {512CEDFD-DA45-429C-AD13-10A0ACE60ACB}
	EndGlobalSection
EndGlobal
