
Microsoft Visual Studio Solution File, Format Version 12.00
# Visual Studio Version 16
VisualStudioVersion = 16.0.30413.136
MinimumVisualStudioVersion = 10.0.40219.1
Project("{9A19103F-16F7-4668-BE54-9A1E7A4F7556}") = "HomeApp.Shared", "HomeApp\Shared\HomeApp.Shared.csproj", "{2DE9CABA-23B6-4593-A737-3D18ADB74B12}"
EndProject
Project("{2150E333-8FDC-42A3-9474-1A3956D46DE8}") = "Server", "Server", "{E1B5B3DE-468A-42E7-9E4D-01E5E4C28F65}"
EndProject
Project("{2150E333-8FDC-42A3-9474-1A3956D46DE8}") = "Client", "Client", "{D41359B7-BFFF-4CAB-9923-87E67DA6760F}"
EndProject
Project("{2150E333-8FDC-42A3-9474-1A3956D46DE8}") = "Presentation", "Presentation", "{EC9E9525-103C-4D43-B549-6490CDFCD641}"
EndProject
Project("{9A19103F-16F7-4668-BE54-9A1E7A4F7556}") = "HomeApp.Server", "HomeApp\Server\Presentation\Server\HomeApp.Server.csproj", "{48F0517B-22C3-4161-9305-6D1EE892103E}"
EndProject
Project("{2150E333-8FDC-42A3-9474-1A3956D46DE8}") = "Application", "Application", "{50613383-3460-4AE9-96C6-9BF0866B501D}"
EndProject
Project("{2150E333-8FDC-42A3-9474-1A3956D46DE8}") = "Infrastructure", "Infrastructure", "{B105D33A-C42D-4C80-933D-F2DEE1FF5330}"
EndProject
Project("{2150E333-8FDC-42A3-9474-1A3956D46DE8}") = "Domain", "Domain", "{C23E48E0-EBC3-4033-A9A0-FCB6028E1C39}"
EndProject
Project("{9A19103F-16F7-4668-BE54-9A1E7A4F7556}") = "HomeApp.Domain", "HomeApp\Server\Domain\HomeApp.Domain\HomeApp.Domain.csproj", "{D9E13FAA-F4EF-4D2E-8FDA-B70B81C7B0EF}"
EndProject
Project("{9A19103F-16F7-4668-BE54-9A1E7A4F7556}") = "HomeApp.Infrastructure", "HomeApp\Server\Infrastructure\HomeApp.Infrastructure\HomeApp.Infrastructure.csproj", "{DF0AAC4F-6703-4D24-8FE0-09B09FD1288D}"
EndProject
Project("{9A19103F-16F7-4668-BE54-9A1E7A4F7556}") = "HomeApp.Application", "HomeApp\Server\Application\HomeApp.Application\HomeApp.Application.csproj", "{B7DD3B86-DB6C-4C8D-B1F5-2515935323C2}"
EndProject
Project("{FAE04EC0-301F-11D3-BF4B-00C04F79EFBC}") = "HomeApp.Client", "HomeApp\Client\HomeApp.Client\HomeApp.Client.csproj", "{DCC02B06-F4D1-4600-ACFA-7100CE10D22B}"
EndProject
Global
	GlobalSection(SolutionConfigurationPlatforms) = preSolution
		Debug|Any CPU = Debug|Any CPU
		Release|Any CPU = Release|Any CPU
	EndGlobalSection
	GlobalSection(ProjectConfigurationPlatforms) = postSolution
		{2DE9CABA-23B6-4593-A737-3D18ADB74B12}.Debug|Any CPU.ActiveCfg = Debug|Any CPU
		{2DE9CABA-23B6-4593-A737-3D18ADB74B12}.Debug|Any CPU.Build.0 = Debug|Any CPU
		{2DE9CABA-23B6-4593-A737-3D18ADB74B12}.Release|Any CPU.ActiveCfg = Release|Any CPU
		{2DE9CABA-23B6-4593-A737-3D18ADB74B12}.Release|Any CPU.Build.0 = Release|Any CPU
		{48F0517B-22C3-4161-9305-6D1EE892103E}.Debug|Any CPU.ActiveCfg = Debug|Any CPU
		{48F0517B-22C3-4161-9305-6D1EE892103E}.Debug|Any CPU.Build.0 = Debug|Any CPU
		{48F0517B-22C3-4161-9305-6D1EE892103E}.Release|Any CPU.ActiveCfg = Release|Any CPU
		{48F0517B-22C3-4161-9305-6D1EE892103E}.Release|Any CPU.Build.0 = Release|Any CPU
		{D9E13FAA-F4EF-4D2E-8FDA-B70B81C7B0EF}.Debug|Any CPU.ActiveCfg = Debug|Any CPU
		{D9E13FAA-F4EF-4D2E-8FDA-B70B81C7B0EF}.Debug|Any CPU.Build.0 = Debug|Any CPU
		{D9E13FAA-F4EF-4D2E-8FDA-B70B81C7B0EF}.Release|Any CPU.ActiveCfg = Release|Any CPU
		{D9E13FAA-F4EF-4D2E-8FDA-B70B81C7B0EF}.Release|Any CPU.Build.0 = Release|Any CPU
		{DF0AAC4F-6703-4D24-8FE0-09B09FD1288D}.Debug|Any CPU.ActiveCfg = Debug|Any CPU
		{DF0AAC4F-6703-4D24-8FE0-09B09FD1288D}.Debug|Any CPU.Build.0 = Debug|Any CPU
		{DF0AAC4F-6703-4D24-8FE0-09B09FD1288D}.Release|Any CPU.ActiveCfg = Release|Any CPU
		{DF0AAC4F-6703-4D24-8FE0-09B09FD1288D}.Release|Any CPU.Build.0 = Release|Any CPU
		{B7DD3B86-DB6C-4C8D-B1F5-2515935323C2}.Debug|Any CPU.ActiveCfg = Debug|Any CPU
		{B7DD3B86-DB6C-4C8D-B1F5-2515935323C2}.Debug|Any CPU.Build.0 = Debug|Any CPU
		{B7DD3B86-DB6C-4C8D-B1F5-2515935323C2}.Release|Any CPU.ActiveCfg = Release|Any CPU
		{B7DD3B86-DB6C-4C8D-B1F5-2515935323C2}.Release|Any CPU.Build.0 = Release|Any CPU
		{DCC02B06-F4D1-4600-ACFA-7100CE10D22B}.Debug|Any CPU.ActiveCfg = Debug|Any CPU
		{DCC02B06-F4D1-4600-ACFA-7100CE10D22B}.Debug|Any CPU.Build.0 = Debug|Any CPU
		{DCC02B06-F4D1-4600-ACFA-7100CE10D22B}.Release|Any CPU.ActiveCfg = Release|Any CPU
		{DCC02B06-F4D1-4600-ACFA-7100CE10D22B}.Release|Any CPU.Build.0 = Release|Any CPU
	EndGlobalSection
	GlobalSection(SolutionProperties) = preSolution
		HideSolutionNode = FALSE
	EndGlobalSection
	GlobalSection(NestedProjects) = preSolution
		{EC9E9525-103C-4D43-B549-6490CDFCD641} = {E1B5B3DE-468A-42E7-9E4D-01E5E4C28F65}
		{48F0517B-22C3-4161-9305-6D1EE892103E} = {EC9E9525-103C-4D43-B549-6490CDFCD641}
		{50613383-3460-4AE9-96C6-9BF0866B501D} = {E1B5B3DE-468A-42E7-9E4D-01E5E4C28F65}
		{B105D33A-C42D-4C80-933D-F2DEE1FF5330} = {E1B5B3DE-468A-42E7-9E4D-01E5E4C28F65}
		{C23E48E0-EBC3-4033-A9A0-FCB6028E1C39} = {E1B5B3DE-468A-42E7-9E4D-01E5E4C28F65}
		{D9E13FAA-F4EF-4D2E-8FDA-B70B81C7B0EF} = {C23E48E0-EBC3-4033-A9A0-FCB6028E1C39}
		{DF0AAC4F-6703-4D24-8FE0-09B09FD1288D} = {B105D33A-C42D-4C80-933D-F2DEE1FF5330}
		{B7DD3B86-DB6C-4C8D-B1F5-2515935323C2} = {50613383-3460-4AE9-96C6-9BF0866B501D}
		{DCC02B06-F4D1-4600-ACFA-7100CE10D22B} = {D41359B7-BFFF-4CAB-9923-87E67DA6760F}
	EndGlobalSection
	GlobalSection(ExtensibilityGlobals) = postSolution
		SolutionGuid = {512CEDFD-DA45-429C-AD13-10A0ACE60ACB}
	EndGlobalSection
EndGlobal
