
Microsoft Visual Studio Solution File, Format Version 12.00
# Visual Studio Version 16
VisualStudioVersion = 16.0.30413.136
MinimumVisualStudioVersion = 10.0.40219.1
Project("{2150E333-8FDC-42A3-9474-1A3956D46DE8}") = "WebApi", "WebApi", "{E1B5B3DE-468A-42E7-9E4D-01E5E4C28F65}"
EndProject
Project("{2150E333-8FDC-42A3-9474-1A3956D46DE8}") = "Client", "Client", "{D41359B7-BFFF-4CAB-9923-87E67DA6760F}"
EndProject
Project("{9A19103F-16F7-4668-BE54-9A1E7A4F7556}") = "HomeApp.Gateway", "HomeApp.Gateway\HomeApp.Gateway.csproj", "{333A6420-EFA6-4C57-8A9D-801CF20E6315}"
EndProject
Project("{2150E333-8FDC-42A3-9474-1A3956D46DE8}") = "HomeApp.Map", "HomeApp.Map", "{E97F1ED8-5600-4DE6-B33A-CADB6F3D16FF}"
EndProject
Project("{9A19103F-16F7-4668-BE54-9A1E7A4F7556}") = "HomeApp.Map.Client", "HomeApp.Map\HomeApp.Map.Client\HomeApp.Client\HomeApp.Map.Client.csproj", "{C61FFD48-D861-4CDD-AAD9-2993F8EC7495}"
EndProject
Project("{9A19103F-16F7-4668-BE54-9A1E7A4F7556}") = "HomeApp.Map.Shared", "HomeApp.Map\HomeApp.Map.Shared\HomeApp.Map.Shared.csproj", "{8167AE70-738C-44AA-82A4-EB05464FB360}"
EndProject
Project("{9A19103F-16F7-4668-BE54-9A1E7A4F7556}") = "HomeApp.Map.WebAPI", "HomeApp.Map\HomeApp.Map.WebAPI\Server\HomeApp.Map.WebAPI.csproj", "{6717DA58-9F68-4335-8D3B-022119C84242}"
EndProject
Project("{9A19103F-16F7-4668-BE54-9A1E7A4F7556}") = "HomeApp.Map.Application", "HomeApp.Map\HomeApp.Map.WebAPI\HomeApp.Application\HomeApp.Map.Application.csproj", "{DC2C557B-A0DE-4905-A197-06D943F411DC}"
EndProject
Project("{9A19103F-16F7-4668-BE54-9A1E7A4F7556}") = "HomeApp.Map.Domain", "HomeApp.Map\HomeApp.Map.WebAPI\HomeApp.Domain\HomeApp.Map.Domain.csproj", "{2EF411A2-F4D8-4438-A1D9-A7B2120AA14E}"
EndProject
Project("{9A19103F-16F7-4668-BE54-9A1E7A4F7556}") = "HomeApp.Map.Infrastructure", "HomeApp.Map\HomeApp.Map.WebAPI\HomeApp.Infrastructure\HomeApp.Map.Infrastructure.csproj", "{B00D456E-D8D3-4053-A512-6854BC1B5EB0}"
EndProject
Project("{E53339B2-1760-4266-BCC7-CA923CBCF16C}") = "docker-compose", "docker-compose.dcproj", "{0826B7A9-04FA-415F-B071-B2092B8A32DD}"
EndProject
Global
	GlobalSection(SolutionConfigurationPlatforms) = preSolution
		Debug|Any CPU = Debug|Any CPU
		Release|Any CPU = Release|Any CPU
	EndGlobalSection
	GlobalSection(ProjectConfigurationPlatforms) = postSolution
		{333A6420-EFA6-4C57-8A9D-801CF20E6315}.Debug|Any CPU.ActiveCfg = Debug|Any CPU
		{333A6420-EFA6-4C57-8A9D-801CF20E6315}.Debug|Any CPU.Build.0 = Debug|Any CPU
		{333A6420-EFA6-4C57-8A9D-801CF20E6315}.Release|Any CPU.ActiveCfg = Release|Any CPU
		{333A6420-EFA6-4C57-8A9D-801CF20E6315}.Release|Any CPU.Build.0 = Release|Any CPU
		{C61FFD48-D861-4CDD-AAD9-2993F8EC7495}.Debug|Any CPU.ActiveCfg = Debug|Any CPU
		{C61FFD48-D861-4CDD-AAD9-2993F8EC7495}.Debug|Any CPU.Build.0 = Debug|Any CPU
		{C61FFD48-D861-4CDD-AAD9-2993F8EC7495}.Release|Any CPU.ActiveCfg = Release|Any CPU
		{C61FFD48-D861-4CDD-AAD9-2993F8EC7495}.Release|Any CPU.Build.0 = Release|Any CPU
		{8167AE70-738C-44AA-82A4-EB05464FB360}.Debug|Any CPU.ActiveCfg = Debug|Any CPU
		{8167AE70-738C-44AA-82A4-EB05464FB360}.Debug|Any CPU.Build.0 = Debug|Any CPU
		{8167AE70-738C-44AA-82A4-EB05464FB360}.Release|Any CPU.ActiveCfg = Release|Any CPU
		{8167AE70-738C-44AA-82A4-EB05464FB360}.Release|Any CPU.Build.0 = Release|Any CPU
		{6717DA58-9F68-4335-8D3B-022119C84242}.Debug|Any CPU.ActiveCfg = Debug|Any CPU
		{6717DA58-9F68-4335-8D3B-022119C84242}.Debug|Any CPU.Build.0 = Debug|Any CPU
		{6717DA58-9F68-4335-8D3B-022119C84242}.Release|Any CPU.ActiveCfg = Release|Any CPU
		{6717DA58-9F68-4335-8D3B-022119C84242}.Release|Any CPU.Build.0 = Release|Any CPU
		{DC2C557B-A0DE-4905-A197-06D943F411DC}.Debug|Any CPU.ActiveCfg = Debug|Any CPU
		{DC2C557B-A0DE-4905-A197-06D943F411DC}.Debug|Any CPU.Build.0 = Debug|Any CPU
		{DC2C557B-A0DE-4905-A197-06D943F411DC}.Release|Any CPU.ActiveCfg = Release|Any CPU
		{DC2C557B-A0DE-4905-A197-06D943F411DC}.Release|Any CPU.Build.0 = Release|Any CPU
		{2EF411A2-F4D8-4438-A1D9-A7B2120AA14E}.Debug|Any CPU.ActiveCfg = Debug|Any CPU
		{2EF411A2-F4D8-4438-A1D9-A7B2120AA14E}.Debug|Any CPU.Build.0 = Debug|Any CPU
		{2EF411A2-F4D8-4438-A1D9-A7B2120AA14E}.Release|Any CPU.ActiveCfg = Release|Any CPU
		{2EF411A2-F4D8-4438-A1D9-A7B2120AA14E}.Release|Any CPU.Build.0 = Release|Any CPU
		{B00D456E-D8D3-4053-A512-6854BC1B5EB0}.Debug|Any CPU.ActiveCfg = Debug|Any CPU
		{B00D456E-D8D3-4053-A512-6854BC1B5EB0}.Debug|Any CPU.Build.0 = Debug|Any CPU
		{B00D456E-D8D3-4053-A512-6854BC1B5EB0}.Release|Any CPU.ActiveCfg = Release|Any CPU
		{B00D456E-D8D3-4053-A512-6854BC1B5EB0}.Release|Any CPU.Build.0 = Release|Any CPU
		{0826B7A9-04FA-415F-B071-B2092B8A32DD}.Debug|Any CPU.ActiveCfg = Debug|Any CPU
		{0826B7A9-04FA-415F-B071-B2092B8A32DD}.Debug|Any CPU.Build.0 = Debug|Any CPU
		{0826B7A9-04FA-415F-B071-B2092B8A32DD}.Release|Any CPU.ActiveCfg = Release|Any CPU
		{0826B7A9-04FA-415F-B071-B2092B8A32DD}.Release|Any CPU.Build.0 = Release|Any CPU
	EndGlobalSection
	GlobalSection(SolutionProperties) = preSolution
		HideSolutionNode = FALSE
	EndGlobalSection
	GlobalSection(NestedProjects) = preSolution
		{E1B5B3DE-468A-42E7-9E4D-01E5E4C28F65} = {E97F1ED8-5600-4DE6-B33A-CADB6F3D16FF}
		{D41359B7-BFFF-4CAB-9923-87E67DA6760F} = {E97F1ED8-5600-4DE6-B33A-CADB6F3D16FF}
		{C61FFD48-D861-4CDD-AAD9-2993F8EC7495} = {D41359B7-BFFF-4CAB-9923-87E67DA6760F}
		{8167AE70-738C-44AA-82A4-EB05464FB360} = {E97F1ED8-5600-4DE6-B33A-CADB6F3D16FF}
		{6717DA58-9F68-4335-8D3B-022119C84242} = {E1B5B3DE-468A-42E7-9E4D-01E5E4C28F65}
		{DC2C557B-A0DE-4905-A197-06D943F411DC} = {E1B5B3DE-468A-42E7-9E4D-01E5E4C28F65}
		{2EF411A2-F4D8-4438-A1D9-A7B2120AA14E} = {E1B5B3DE-468A-42E7-9E4D-01E5E4C28F65}
		{B00D456E-D8D3-4053-A512-6854BC1B5EB0} = {E1B5B3DE-468A-42E7-9E4D-01E5E4C28F65}
	EndGlobalSection
	GlobalSection(ExtensibilityGlobals) = postSolution
		SolutionGuid = {512CEDFD-DA45-429C-AD13-10A0ACE60ACB}
	EndGlobalSection
EndGlobal
