
Microsoft Visual Studio Solution File, Format Version 12.00
# Visual Studio Version 16
VisualStudioVersion = 16.0.30413.136
MinimumVisualStudioVersion = 10.0.40219.1
Project("{2150E333-8FDC-42A3-9474-1A3956D46DE8}") = "src", "src", "{44874999-9010-4F7F-A0E8-B1A390E36C72}"
EndProject
Project("{2150E333-8FDC-42A3-9474-1A3956D46DE8}") = "test", "test", "{578927A2-95F6-4D72-B5EF-076A40DAF25B}"
EndProject
Project("{2150E333-8FDC-42A3-9474-1A3956D46DE8}") = "backend", "backend", "{57FBDA05-8274-4448-88F9-8ED12A237F80}"
EndProject
Project("{2150E333-8FDC-42A3-9474-1A3956D46DE8}") = "frontend", "frontend", "{B73706EC-C846-43C8-906B-CB67E885FC33}"
EndProject
Project("{9A19103F-16F7-4668-BE54-9A1E7A4F7556}") = "HomeCloud.Maps.Server", "src\backend\HomeCloud.Maps.Server\HomeCloud.Maps.Server.csproj", "{7A492078-F503-45C5-A4B9-784E47CFE3B0}"
EndProject
Project("{9A19103F-16F7-4668-BE54-9A1E7A4F7556}") = "HomeCloud.Maps.Client", "src\frontend\HomeCloud.Maps.Client\HomeCloud.Maps.Client.csproj", "{3F74E434-967D-45D8-B178-DE9B69C860ED}"
EndProject
Project("{2150E333-8FDC-42A3-9474-1A3956D46DE8}") = "frontend", "frontend", "{4AA0F4EA-82AE-4D55-AB27-C02F74342AE5}"
EndProject
Project("{9A19103F-16F7-4668-BE54-9A1E7A4F7556}") = "HomeCloud.Maps.Client.UnitTests", "test\frontend\HomeCloud.Maps.Client.UnitTests\HomeCloud.Maps.Client.UnitTests.csproj", "{B7D479F7-A777-4960-85DB-3690746D0203}"
EndProject
Project("{E53339B2-1760-4266-BCC7-CA923CBCF16C}") = "docker-compose", "docker-compose.dcproj", "{EB5F47C7-27EE-47CE-8B84-7837AB9725C9}"
EndProject
Project("{9A19103F-16F7-4668-BE54-9A1E7A4F7556}") = "HomeCloud.Maps.Infrastructure", "src\backend\HomeCloud.Maps.Infrastructure\HomeCloud.Maps.Infrastructure.csproj", "{2107B5B8-B653-44C3-A148-74733944E569}"
EndProject
Project("{9A19103F-16F7-4668-BE54-9A1E7A4F7556}") = "HomeCloud.Maps.Application", "src\backend\HomeCloud.Maps.Application\HomeCloud.Maps.Application.csproj", "{B943FCAE-B59E-43D9-B9F5-9F4EED709C4B}"
EndProject
Project("{9A19103F-16F7-4668-BE54-9A1E7A4F7556}") = "HomeCloud.Maps.Domain", "src\backend\HomeCloud.Maps.Domain\HomeCloud.Maps.Domain.csproj", "{CA19973E-D7B7-43CF-A680-F5A4D05E2D53}"
EndProject
Project("{9A19103F-16F7-4668-BE54-9A1E7A4F7556}") = "HomeCloud.Maps.Client.WebApi", "src\frontend\HomeCloud.Maps.Client.WebApi\HomeCloud.Maps.Client.WebApi.csproj", "{AB42C617-0737-422B-8BBC-89996AB3F51F}"
EndProject
Project("{2150E333-8FDC-42A3-9474-1A3956D46DE8}") = "backend", "backend", "{F2EC0BC3-F04E-49AB-BE9F-F1127463B3EA}"
EndProject
Project("{9A19103F-16F7-4668-BE54-9A1E7A4F7556}") = "HomeCloud.Maps.Server.UnitTests", "test\backend\HomeCloud.Maps.Server.UnitTests\HomeCloud.Maps.Server.UnitTests.csproj", "{AD23C04E-DF28-46BF-84EF-7AEBAAD366A4}"
EndProject
Project("{9A19103F-16F7-4668-BE54-9A1E7A4F7556}") = "HomeCloud.Maps.Infrastructure.UnitTests", "test\backend\HomeCloud.Maps.Infrastructure.UnitTests\HomeCloud.Maps.Infrastructure.UnitTests.csproj", "{C2869DBC-8D1B-4DE0-88C2-C170DDED05C5}"
EndProject
Global
	GlobalSection(SolutionConfigurationPlatforms) = preSolution
		Debug|Any CPU = Debug|Any CPU
		Release|Any CPU = Release|Any CPU
	EndGlobalSection
	GlobalSection(ProjectConfigurationPlatforms) = postSolution
		{7A492078-F503-45C5-A4B9-784E47CFE3B0}.Debug|Any CPU.ActiveCfg = Debug|Any CPU
		{7A492078-F503-45C5-A4B9-784E47CFE3B0}.Debug|Any CPU.Build.0 = Debug|Any CPU
		{7A492078-F503-45C5-A4B9-784E47CFE3B0}.Release|Any CPU.ActiveCfg = Release|Any CPU
		{7A492078-F503-45C5-A4B9-784E47CFE3B0}.Release|Any CPU.Build.0 = Release|Any CPU
		{3F74E434-967D-45D8-B178-DE9B69C860ED}.Debug|Any CPU.ActiveCfg = Debug|Any CPU
		{3F74E434-967D-45D8-B178-DE9B69C860ED}.Debug|Any CPU.Build.0 = Debug|Any CPU
		{3F74E434-967D-45D8-B178-DE9B69C860ED}.Release|Any CPU.ActiveCfg = Release|Any CPU
		{3F74E434-967D-45D8-B178-DE9B69C860ED}.Release|Any CPU.Build.0 = Release|Any CPU
		{B7D479F7-A777-4960-85DB-3690746D0203}.Debug|Any CPU.ActiveCfg = Debug|Any CPU
		{B7D479F7-A777-4960-85DB-3690746D0203}.Debug|Any CPU.Build.0 = Debug|Any CPU
		{B7D479F7-A777-4960-85DB-3690746D0203}.Release|Any CPU.ActiveCfg = Release|Any CPU
		{B7D479F7-A777-4960-85DB-3690746D0203}.Release|Any CPU.Build.0 = Release|Any CPU
		{EB5F47C7-27EE-47CE-8B84-7837AB9725C9}.Debug|Any CPU.ActiveCfg = Debug|Any CPU
		{EB5F47C7-27EE-47CE-8B84-7837AB9725C9}.Debug|Any CPU.Build.0 = Debug|Any CPU
		{EB5F47C7-27EE-47CE-8B84-7837AB9725C9}.Release|Any CPU.ActiveCfg = Release|Any CPU
		{EB5F47C7-27EE-47CE-8B84-7837AB9725C9}.Release|Any CPU.Build.0 = Release|Any CPU
		{2107B5B8-B653-44C3-A148-74733944E569}.Debug|Any CPU.ActiveCfg = Debug|Any CPU
		{2107B5B8-B653-44C3-A148-74733944E569}.Debug|Any CPU.Build.0 = Debug|Any CPU
		{2107B5B8-B653-44C3-A148-74733944E569}.Release|Any CPU.ActiveCfg = Release|Any CPU
		{2107B5B8-B653-44C3-A148-74733944E569}.Release|Any CPU.Build.0 = Release|Any CPU
		{B943FCAE-B59E-43D9-B9F5-9F4EED709C4B}.Debug|Any CPU.ActiveCfg = Debug|Any CPU
		{B943FCAE-B59E-43D9-B9F5-9F4EED709C4B}.Debug|Any CPU.Build.0 = Debug|Any CPU
		{B943FCAE-B59E-43D9-B9F5-9F4EED709C4B}.Release|Any CPU.ActiveCfg = Release|Any CPU
		{B943FCAE-B59E-43D9-B9F5-9F4EED709C4B}.Release|Any CPU.Build.0 = Release|Any CPU
		{CA19973E-D7B7-43CF-A680-F5A4D05E2D53}.Debug|Any CPU.ActiveCfg = Debug|Any CPU
		{CA19973E-D7B7-43CF-A680-F5A4D05E2D53}.Debug|Any CPU.Build.0 = Debug|Any CPU
		{CA19973E-D7B7-43CF-A680-F5A4D05E2D53}.Release|Any CPU.ActiveCfg = Release|Any CPU
		{CA19973E-D7B7-43CF-A680-F5A4D05E2D53}.Release|Any CPU.Build.0 = Release|Any CPU
		{AB42C617-0737-422B-8BBC-89996AB3F51F}.Debug|Any CPU.ActiveCfg = Debug|Any CPU
		{AB42C617-0737-422B-8BBC-89996AB3F51F}.Debug|Any CPU.Build.0 = Debug|Any CPU
		{AB42C617-0737-422B-8BBC-89996AB3F51F}.Release|Any CPU.ActiveCfg = Release|Any CPU
		{AB42C617-0737-422B-8BBC-89996AB3F51F}.Release|Any CPU.Build.0 = Release|Any CPU
		{AD23C04E-DF28-46BF-84EF-7AEBAAD366A4}.Debug|Any CPU.ActiveCfg = Debug|Any CPU
		{AD23C04E-DF28-46BF-84EF-7AEBAAD366A4}.Debug|Any CPU.Build.0 = Debug|Any CPU
		{AD23C04E-DF28-46BF-84EF-7AEBAAD366A4}.Release|Any CPU.ActiveCfg = Release|Any CPU
		{AD23C04E-DF28-46BF-84EF-7AEBAAD366A4}.Release|Any CPU.Build.0 = Release|Any CPU
		{C2869DBC-8D1B-4DE0-88C2-C170DDED05C5}.Debug|Any CPU.ActiveCfg = Debug|Any CPU
		{C2869DBC-8D1B-4DE0-88C2-C170DDED05C5}.Debug|Any CPU.Build.0 = Debug|Any CPU
		{C2869DBC-8D1B-4DE0-88C2-C170DDED05C5}.Release|Any CPU.ActiveCfg = Release|Any CPU
		{C2869DBC-8D1B-4DE0-88C2-C170DDED05C5}.Release|Any CPU.Build.0 = Release|Any CPU
	EndGlobalSection
	GlobalSection(SolutionProperties) = preSolution
		HideSolutionNode = FALSE
	EndGlobalSection
	GlobalSection(NestedProjects) = preSolution
		{57FBDA05-8274-4448-88F9-8ED12A237F80} = {44874999-9010-4F7F-A0E8-B1A390E36C72}
		{B73706EC-C846-43C8-906B-CB67E885FC33} = {44874999-9010-4F7F-A0E8-B1A390E36C72}
		{7A492078-F503-45C5-A4B9-784E47CFE3B0} = {57FBDA05-8274-4448-88F9-8ED12A237F80}
		{3F74E434-967D-45D8-B178-DE9B69C860ED} = {B73706EC-C846-43C8-906B-CB67E885FC33}
		{4AA0F4EA-82AE-4D55-AB27-C02F74342AE5} = {578927A2-95F6-4D72-B5EF-076A40DAF25B}
		{B7D479F7-A777-4960-85DB-3690746D0203} = {4AA0F4EA-82AE-4D55-AB27-C02F74342AE5}
		{2107B5B8-B653-44C3-A148-74733944E569} = {57FBDA05-8274-4448-88F9-8ED12A237F80}
		{B943FCAE-B59E-43D9-B9F5-9F4EED709C4B} = {57FBDA05-8274-4448-88F9-8ED12A237F80}
		{CA19973E-D7B7-43CF-A680-F5A4D05E2D53} = {57FBDA05-8274-4448-88F9-8ED12A237F80}
		{AB42C617-0737-422B-8BBC-89996AB3F51F} = {B73706EC-C846-43C8-906B-CB67E885FC33}
		{F2EC0BC3-F04E-49AB-BE9F-F1127463B3EA} = {578927A2-95F6-4D72-B5EF-076A40DAF25B}
		{AD23C04E-DF28-46BF-84EF-7AEBAAD366A4} = {F2EC0BC3-F04E-49AB-BE9F-F1127463B3EA}
		{C2869DBC-8D1B-4DE0-88C2-C170DDED05C5} = {F2EC0BC3-F04E-49AB-BE9F-F1127463B3EA}
	EndGlobalSection
	GlobalSection(ExtensibilityGlobals) = postSolution
		SolutionGuid = {512CEDFD-DA45-429C-AD13-10A0ACE60ACB}
	EndGlobalSection
EndGlobal
